// !$*UTF8*$!
{
	archiveVersion = 1;
	classes = {
	};
	objectVersion = 50;
	objects = {

/* Begin PBXBuildFile section */
		AF91D09B24A87D6400A7873E /* RNCloudVideoView.m in Sources */ = {isa = PBXBuildFile; fileRef = AF91D09A24A87D6400A7873E /* RNCloudVideoView.m */; };
		AF91D09C24A87D6400A7873E /* RNCloudVideoView.h in CopyFiles */ = {isa = PBXBuildFile; fileRef = AF91D09924A87D6400A7873E /* RNCloudVideoView.h */; };
		AF91D0A424A881F700A7873E /* RNCloudVideoViewManager.m in Sources */ = {isa = PBXBuildFile; fileRef = AF91D0A324A881F700A7873E /* RNCloudVideoViewManager.m */; };
/* End PBXBuildFile section */

/* Begin PBXCopyFilesBuildPhase section */
		AF91D09424A87D6400A7873E /* CopyFiles */ = {
			isa = PBXCopyFilesBuildPhase;
			buildActionMask = 2147483647;
			dstPath = "include/$(PRODUCT_NAME)";
			dstSubfolderSpec = 16;
			files = (
				AF91D09C24A87D6400A7873E /* RNCloudVideoView.h in CopyFiles */,
			);
			runOnlyForDeploymentPostprocessing = 0;
		};
/* End PBXCopyFilesBuildPhase section */

/* Begin PBXFileReference section */
		AF91D09624A87D6400A7873E /* libRNCloudVideoView.a */ = {isa = PBXFileReference; explicitFileType = archive.ar; includeInIndex = 0; path = libRNCloudVideoView.a; sourceTree = BUILT_PRODUCTS_DIR; };
		AF91D09924A87D6400A7873E /* RNCloudVideoView.h */ = {isa = PBXFileReference; lastKnownFileType = sourcecode.c.h; path = RNCloudVideoView.h; sourceTree = "<group>"; };
		AF91D09A24A87D6400A7873E /* RNCloudVideoView.m */ = {isa = PBXFileReference; lastKnownFileType = sourcecode.c.objc; path = RNCloudVideoView.m; sourceTree = "<group>"; };
		AF91D0A224A881F700A7873E /* RNCloudVideoViewManager.h */ = {isa = PBXFileReference; lastKnownFileType = sourcecode.c.h; path = RNCloudVideoViewManager.h; sourceTree = "<group>"; };
		AF91D0A324A881F700A7873E /* RNCloudVideoViewManager.m */ = {isa = PBXFileReference; lastKnownFileType = sourcecode.c.objc; path = RNCloudVideoViewManager.m; sourceTree = "<group>"; };
/* End PBXFileReference section */

/* Begin PBXFrameworksBuildPhase section */
		AF91D09324A87D6400A7873E /* Frameworks */ = {
			isa = PBXFrameworksBuildPhase;
			buildActionMask = 2147483647;
			files = (
			);
			runOnlyForDeploymentPostprocessing = 0;
		};
/* End PBXFrameworksBuildPhase section */

/* Begin PBXGroup section */
		AF91D08D24A87D6400A7873E = {
			isa = PBXGroup;
			children = (
				AF91D09824A87D6400A7873E /* RNCloudVideoView */,
				AF91D09724A87D6400A7873E /* Products */,
			);
			sourceTree = "<group>";
		};
		AF91D09724A87D6400A7873E /* Products */ = {
			isa = PBXGroup;
			children = (
				AF91D09624A87D6400A7873E /* libRNCloudVideoView.a */,
			);
			name = Products;
			sourceTree = "<group>";
		};
		AF91D09824A87D6400A7873E /* RNCloudVideoView */ = {
			isa = PBXGroup;
			children = (
				AF91D09924A87D6400A7873E /* RNCloudVideoView.h */,
				AF91D09A24A87D6400A7873E /* RNCloudVideoView.m */,
				AF91D0A224A881F700A7873E /* RNCloudVideoViewManager.h */,
				AF91D0A324A881F700A7873E /* RNCloudVideoViewManager.m */,
			);
			path = RNCloudVideoView;
			sourceTree = "<group>";
		};
/* End PBXGroup section */

/* Begin PBXNativeTarget section */
		AF91D09524A87D6400A7873E /* RNCloudVideoView */ = {
			isa = PBXNativeTarget;
			buildConfigurationList = AF91D09F24A87D6400A7873E /* Build configuration list for PBXNativeTarget "RNCloudVideoView" */;
			buildPhases = (
				AF91D09224A87D6400A7873E /* Sources */,
				AF91D09324A87D6400A7873E /* Frameworks */,
				AF91D09424A87D6400A7873E /* CopyFiles */,
			);
			buildRules = (
			);
			dependencies = (
			);
			name = RNCloudVideoView;
			productName = RNCloudVideoView;
			productReference = AF91D09624A87D6400A7873E /* libRNCloudVideoView.a */;
			productType = "com.apple.product-type.library.static";
		};
/* End PBXNativeTarget section */

/* Begin PBXProject section */
		AF91D08E24A87D6400A7873E /* Project object */ = {
			isa = PBXProject;
			attributes = {
				LastUpgradeCheck = 1150;
				ORGANIZATIONNAME = jianglingzhi;
				TargetAttributes = {
					AF91D09524A87D6400A7873E = {
						CreatedOnToolsVersion = 11.5;
					};
				};
			};
			buildConfigurationList = AF91D09124A87D6400A7873E /* Build configuration list for PBXProject "RNCloudVideoView" */;
			compatibilityVersion = "Xcode 9.3";
			developmentRegion = en;
			hasScannedForEncodings = 0;
			knownRegions = (
				en,
				Base,
			);
			mainGroup = AF91D08D24A87D6400A7873E;
			productRefGroup = AF91D09724A87D6400A7873E /* Products */;
			projectDirPath = "";
			projectRoot = "";
			targets = (
				AF91D09524A87D6400A7873E /* RNCloudVideoView */,
			);
		};
/* End PBXProject section */

/* Begin PBXSourcesBuildPhase section */
		AF91D09224A87D6400A7873E /* Sources */ = {
			isa = PBXSourcesBuildPhase;
			buildActionMask = 2147483647;
			files = (
				AF91D0A424A881F700A7873E /* RNCloudVideoViewManager.m in Sources */,
				AF91D09B24A87D6400A7873E /* RNCloudVideoView.m in Sources */,
			);
			runOnlyForDeploymentPostprocessing = 0;
		};
/* End PBXSourcesBuildPhase section */

/* Begin XCBuildConfiguration section */
		AF91D09D24A87D6400A7873E /* Debug */ = {
			isa = XCBuildConfiguration;
			buildSettings = {
				ALWAYS_SEARCH_USER_PATHS = NO;
				CLANG_ANALYZER_NONNULL = YES;
				CLANG_ANALYZER_NUMBER_OBJECT_CONVERSION = YES_AGGRESSIVE;
				CLANG_CXX_LANGUAGE_STANDARD = "gnu++14";
				CLANG_CXX_LIBRARY = "libc++";
				CLANG_ENABLE_MODULES = YES;
				CLANG_ENABLE_OBJC_ARC = YES;
				CLANG_ENABLE_OBJC_WEAK = YES;
				CLANG_WARN_BLOCK_CAPTURE_AUTORELEASING = YES;
				CLANG_WARN_BOOL_CONVERSION = YES;
				CLANG_WARN_COMMA = YES;
				CLANG_WARN_CONSTANT_CONVERSION = YES;
				CLANG_WARN_DEPRECATED_OBJC_IMPLEMENTATIONS = YES;
				CLANG_WARN_DIRECT_OBJC_ISA_USAGE = YES_ERROR;
				CLANG_WARN_DOCUMENTATION_COMMENTS = YES;
				CLANG_WARN_EMPTY_BODY = YES;
				CLANG_WARN_ENUM_CONVERSION = YES;
				CLANG_WARN_INFINITE_RECURSION = YES;
				CLANG_WARN_INT_CONVERSION = YES;
				CLANG_WARN_NON_LITERAL_NULL_CONVERSION = YES;
				CLANG_WARN_OBJC_IMPLICIT_RETAIN_SELF = YES;
				CLANG_WARN_OBJC_LITERAL_CONVERSION = YES;
				CLANG_WARN_OBJC_ROOT_CLASS = YES_ERROR;
				CLANG_WARN_RANGE_LOOP_ANALYSIS = YES;
				CLANG_WARN_STRICT_PROTOTYPES = YES;
				CLANG_WARN_SUSPICIOUS_MOVE = YES;
				CLANG_WARN_UNGUARDED_AVAILABILITY = YES_AGGRESSIVE;
				CLANG_WARN_UNREACHABLE_CODE = YES;
				CLANG_WARN__DUPLICATE_METHOD_MATCH = YES;
				COPY_PHASE_STRIP = NO;
				DEBUG_INFORMATION_FORMAT = dwarf;
				ENABLE_STRICT_OBJC_MSGSEND = YES;
				ENABLE_TESTABILITY = YES;
				GCC_C_LANGUAGE_STANDARD = gnu11;
				GCC_DYNAMIC_NO_PIC = NO;
				GCC_NO_COMMON_BLOCKS = YES;
				GCC_OPTIMIZATION_LEVEL = 0;
				GCC_PREPROCESSOR_DEFINITIONS = (
					"DEBUG=1",
					"$(inherited)",
				);
				GCC_WARN_64_TO_32_BIT_CONVERSION = YES;
				GCC_WARN_ABOUT_RETURN_TYPE = YES_ERROR;
				GCC_WARN_UNDECLARED_SELECTOR = YES;
				GCC_WARN_UNINITIALIZED_AUTOS = YES_AGGRESSIVE;
				GCC_WARN_UNUSED_FUNCTION = YES;
				GCC_WARN_UNUSED_VARIABLE = YES;
				IPHONEOS_DEPLOYMENT_TARGET = 13.5;
				MTL_ENABLE_DEBUG_INFO = INCLUDE_SOURCE;
				MTL_FAST_MATH = YES;
				ONLY_ACTIVE_ARCH = YES;
				SDKROOT = iphoneos;
			};
			name = Debug;
		};
		AF91D09E24A87D6400A7873E /* Release */ = {
			isa = XCBuildConfiguration;
			buildSettings = {
				ALWAYS_SEARCH_USER_PATHS = NO;
				CLANG_ANALYZER_NONNULL = YES;
				CLANG_ANALYZER_NUMBER_OBJECT_CONVERSION = YES_AGGRESSIVE;
				CLANG_CXX_LANGUAGE_STANDARD = "gnu++14";
				CLANG_CXX_LIBRARY = "libc++";
				CLANG_ENABLE_MODULES = YES;
				CLANG_ENABLE_OBJC_ARC = YES;
				CLANG_ENABLE_OBJC_WEAK = YES;
				CLANG_WARN_BLOCK_CAPTURE_AUTORELEASING = YES;
				CLANG_WARN_BOOL_CONVERSION = YES;
				CLANG_WARN_COMMA = YES;
				CLANG_WARN_CONSTANT_CONVERSION = YES;
				CLANG_WARN_DEPRECATED_OBJC_IMPLEMENTATIONS = YES;
				CLANG_WARN_DIRECT_OBJC_ISA_USAGE = YES_ERROR;
				CLANG_WARN_DOCUMENTATION_COMMENTS = YES;
				CLANG_WARN_EMPTY_BODY = YES;
				CLANG_WARN_ENUM_CONVERSION = YES;
				CLANG_WARN_INFINITE_RECURSION = YES;
				CLANG_WARN_INT_CONVERSION = YES;
				CLANG_WARN_NON_LITERAL_NULL_CONVERSION = YES;
				CLANG_WARN_OBJC_IMPLICIT_RETAIN_SELF = YES;
				CLANG_WARN_OBJC_LITERAL_CONVERSION = YES;
				CLANG_WARN_OBJC_ROOT_CLASS = YES_ERROR;
				CLANG_WARN_RANGE_LOOP_ANALYSIS = YES;
				CLANG_WARN_STRICT_PROTOTYPES = YES;
				CLANG_WARN_SUSPICIOUS_MOVE = YES;
				CLANG_WARN_UNGUARDED_AVAILABILITY = YES_AGGRESSIVE;
				CLANG_WARN_UNREACHABLE_CODE = YES;
				CLANG_WARN__DUPLICATE_METHOD_MATCH = YES;
				COPY_PHASE_STRIP = NO;
				DEBUG_INFORMATION_FORMAT = "dwarf-with-dsym";
				ENABLE_NS_ASSERTIONS = NO;
				ENABLE_STRICT_OBJC_MSGSEND = YES;
				GCC_C_LANGUAGE_STANDARD = gnu11;
				GCC_NO_COMMON_BLOCKS = YES;
				GCC_WARN_64_TO_32_BIT_CONVERSION = YES;
				GCC_WARN_ABOUT_RETURN_TYPE = YES_ERROR;
				GCC_WARN_UNDECLARED_SELECTOR = YES;
				GCC_WARN_UNINITIALIZED_AUTOS = YES_AGGRESSIVE;
				GCC_WARN_UNUSED_FUNCTION = YES;
				GCC_WARN_UNUSED_VARIABLE = YES;
				IPHONEOS_DEPLOYMENT_TARGET = 13.5;
				MTL_ENABLE_DEBUG_INFO = NO;
				MTL_FAST_MATH = YES;
				SDKROOT = iphoneos;
				VALIDATE_PRODUCT = YES;
			};
			name = Release;
		};
		AF91D0A024A87D6400A7873E /* Debug */ = {
			isa = XCBuildConfiguration;
			buildSettings = {
				CODE_SIGN_STYLE = Automatic;
				OTHER_LDFLAGS = "-ObjC";
				PRODUCT_NAME = "$(TARGET_NAME)";
				SKIP_INSTALL = YES;
				TARGETED_DEVICE_FAMILY = "1,2";
			};
			name = Debug;
		};
		AF91D0A124A87D6400A7873E /* Release */ = {
			isa = XCBuildConfiguration;
			buildSettings = {
				CODE_SIGN_STYLE = Automatic;
				OTHER_LDFLAGS = "-ObjC";
				PRODUCT_NAME = "$(TARGET_NAME)";
				SKIP_INSTALL = YES;
				TARGETED_DEVICE_FAMILY = "1,2";
			};
			name = Release;
		};
/* End XCBuildConfiguration section */

/* Begin XCConfigurationList section */
		AF91D09124A87D6400A7873E /* Build configuration list for PBXProject "RNCloudVideoView" */ = {
			isa = XCConfigurationList;
			buildConfigurations = (
				AF91D09D24A87D6400A7873E /* Debug */,
				AF91D09E24A87D6400A7873E /* Release */,
			);
			defaultConfigurationIsVisible = 0;
			defaultConfigurationName = Release;
		};
		AF91D09F24A87D6400A7873E /* Build configuration list for PBXNativeTarget "RNCloudVideoView" */ = {
			isa = XCConfigurationList;
			buildConfigurations = (
				AF91D0A024A87D6400A7873E /* Debug */,
				AF91D0A124A87D6400A7873E /* Release */,
			);
			defaultConfigurationIsVisible = 0;
			defaultConfigurationName = Release;
		};
/* End XCConfigurationList section */
	};
	rootObject = AF91D08E24A87D6400A7873E /* Project object */;
}
